// !$*UTF8*$!
{
	archiveVersion = 1;
	classes = {
	};
	objectVersion = 50;
	objects = {

/* Begin PBXBuildFile section */
		B442D98A271DF7EC00F5AC9D /* CatalogeBase.swift in Sources */ = {isa = PBXBuildFile; fileRef = B442D989271DF7EC00F5AC9D /* CatalogeBase.swift */; };
		B442D98C271E28AD00F5AC9D /* NavigationLinkViews.swift in Sources */ = {isa = PBXBuildFile; fileRef = B442D98B271E28AC00F5AC9D /* NavigationLinkViews.swift */; };
		B478C6A1271ADC950057304E /* UserMenuApp.swift in Sources */ = {isa = PBXBuildFile; fileRef = B478C6A0271ADC950057304E /* UserMenuApp.swift */; };
		B478C6A3271ADC950057304E /* ContentView.swift in Sources */ = {isa = PBXBuildFile; fileRef = B478C6A2271ADC950057304E /* ContentView.swift */; };
		B478C6A5271ADC9A0057304E /* Assets.xcassets in Resources */ = {isa = PBXBuildFile; fileRef = B478C6A4271ADC9A0057304E /* Assets.xcassets */; };
		B478C6A8271ADC9A0057304E /* Preview Assets.xcassets in Resources */ = {isa = PBXBuildFile; fileRef = B478C6A7271ADC9A0057304E /* Preview Assets.xcassets */; };
		B478C6B3271ADC9B0057304E /* UserMenuTests.swift in Sources */ = {isa = PBXBuildFile; fileRef = B478C6B2271ADC9B0057304E /* UserMenuTests.swift */; };
		B478C6BE271ADC9B0057304E /* UserMenuUITests.swift in Sources */ = {isa = PBXBuildFile; fileRef = B478C6BD271ADC9B0057304E /* UserMenuUITests.swift */; };
/* End PBXBuildFile section */

/* Begin PBXContainerItemProxy section */
		B478C6AF271ADC9B0057304E /* PBXContainerItemProxy */ = {
			isa = PBXContainerItemProxy;
			containerPortal = B478C695271ADC940057304E /* Project object */;
			proxyType = 1;
			remoteGlobalIDString = B478C69C271ADC940057304E;
			remoteInfo = UserMenu;
		};
		B478C6BA271ADC9B0057304E /* PBXContainerItemProxy */ = {
			isa = PBXContainerItemProxy;
			containerPortal = B478C695271ADC940057304E /* Project object */;
			proxyType = 1;
			remoteGlobalIDString = B478C69C271ADC940057304E;
			remoteInfo = UserMenu;
		};
/* End PBXContainerItemProxy section */

/* Begin PBXFileReference section */
		B442D989271DF7EC00F5AC9D /* CatalogeBase.swift */ = {isa = PBXFileReference; lastKnownFileType = sourcecode.swift; path = CatalogeBase.swift; sourceTree = "<group>"; };
		B442D98B271E28AC00F5AC9D /* NavigationLinkViews.swift */ = {isa = PBXFileReference; lastKnownFileType = sourcecode.swift; path = NavigationLinkViews.swift; sourceTree = "<group>"; };
		B478C69D271ADC940057304E /* UserMenu.app */ = {isa = PBXFileReference; explicitFileType = wrapper.application; includeInIndex = 0; path = UserMenu.app; sourceTree = BUILT_PRODUCTS_DIR; };
		B478C6A0271ADC950057304E /* UserMenuApp.swift */ = {isa = PBXFileReference; lastKnownFileType = sourcecode.swift; path = UserMenuApp.swift; sourceTree = "<group>"; };
		B478C6A2271ADC950057304E /* ContentView.swift */ = {isa = PBXFileReference; lastKnownFileType = sourcecode.swift; path = ContentView.swift; sourceTree = "<group>"; };
		B478C6A4271ADC9A0057304E /* Assets.xcassets */ = {isa = PBXFileReference; lastKnownFileType = folder.assetcatalog; path = Assets.xcassets; sourceTree = "<group>"; };
		B478C6A7271ADC9A0057304E /* Preview Assets.xcassets */ = {isa = PBXFileReference; lastKnownFileType = folder.assetcatalog; path = "Preview Assets.xcassets"; sourceTree = "<group>"; };
		B478C6A9271ADC9A0057304E /* Info.plist */ = {isa = PBXFileReference; lastKnownFileType = text.plist.xml; path = Info.plist; sourceTree = "<group>"; };
		B478C6AE271ADC9B0057304E /* UserMenuTests.xctest */ = {isa = PBXFileReference; explicitFileType = wrapper.cfbundle; includeInIndex = 0; path = UserMenuTests.xctest; sourceTree = BUILT_PRODUCTS_DIR; };
		B478C6B2271ADC9B0057304E /* UserMenuTests.swift */ = {isa = PBXFileReference; lastKnownFileType = sourcecode.swift; path = UserMenuTests.swift; sourceTree = "<group>"; };
		B478C6B4271ADC9B0057304E /* Info.plist */ = {isa = PBXFileReference; lastKnownFileType = text.plist.xml; path = Info.plist; sourceTree = "<group>"; };
		B478C6B9271ADC9B0057304E /* UserMenuUITests.xctest */ = {isa = PBXFileReference; explicitFileType = wrapper.cfbundle; includeInIndex = 0; path = UserMenuUITests.xctest; sourceTree = BUILT_PRODUCTS_DIR; };
		B478C6BD271ADC9B0057304E /* UserMenuUITests.swift */ = {isa = PBXFileReference; lastKnownFileType = sourcecode.swift; path = UserMenuUITests.swift; sourceTree = "<group>"; };
		B478C6BF271ADC9B0057304E /* Info.plist */ = {isa = PBXFileReference; lastKnownFileType = text.plist.xml; path = Info.plist; sourceTree = "<group>"; };
/* End PBXFileReference section */

/* Begin PBXFrameworksBuildPhase section */
		B478C69A271ADC940057304E /* Frameworks */ = {
			isa = PBXFrameworksBuildPhase;
			buildActionMask = 2147483647;
			files = (
			);
			runOnlyForDeploymentPostprocessing = 0;
		};
		B478C6AB271ADC9B0057304E /* Frameworks */ = {
			isa = PBXFrameworksBuildPhase;
			buildActionMask = 2147483647;
			files = (
			);
			runOnlyForDeploymentPostprocessing = 0;
		};
		B478C6B6271ADC9B0057304E /* Frameworks */ = {
			isa = PBXFrameworksBuildPhase;
			buildActionMask = 2147483647;
			files = (
			);
			runOnlyForDeploymentPostprocessing = 0;
		};
/* End PBXFrameworksBuildPhase section */

/* Begin PBXGroup section */
		B478C694271ADC940057304E = {
			isa = PBXGroup;
			children = (
				B478C69F271ADC940057304E /* UserMenu */,
				B478C6B1271ADC9B0057304E /* UserMenuTests */,
				B478C6BC271ADC9B0057304E /* UserMenuUITests */,
				B478C69E271ADC940057304E /* Products */,
			);
			sourceTree = "<group>";
		};
		B478C69E271ADC940057304E /* Products */ = {
			isa = PBXGroup;
			children = (
				B478C69D271ADC940057304E /* UserMenu.app */,
				B478C6AE271ADC9B0057304E /* UserMenuTests.xctest */,
				B478C6B9271ADC9B0057304E /* UserMenuUITests.xctest */,
			);
			name = Products;
			sourceTree = "<group>";
		};
		B478C69F271ADC940057304E /* UserMenu */ = {
			isa = PBXGroup;
			children = (
				B478C6A0271ADC950057304E /* UserMenuApp.swift */,
				B478C6A2271ADC950057304E /* ContentView.swift */,
				B478C6A4271ADC9A0057304E /* Assets.xcassets */,
				B478C6A9271ADC9A0057304E /* Info.plist */,
				B442D989271DF7EC00F5AC9D /* CatalogeBase.swift */,
				B442D98B271E28AC00F5AC9D /* NavigationLinkViews.swift */,
				B478C6A6271ADC9A0057304E /* Preview Content */,
			);
			path = UserMenu;
			sourceTree = "<group>";
		};
		B478C6A6271ADC9A0057304E /* Preview Content */ = {
			isa = PBXGroup;
			children = (
				B478C6A7271ADC9A0057304E /* Preview Assets.xcassets */,
			);
			path = "Preview Content";
			sourceTree = "<group>";
		};
		B478C6B1271ADC9B0057304E /* UserMenuTests */ = {
			isa = PBXGroup;
			children = (
				B478C6B2271ADC9B0057304E /* UserMenuTests.swift */,
				B478C6B4271ADC9B0057304E /* Info.plist */,
			);
			path = UserMenuTests;
			sourceTree = "<group>";
		};
		B478C6BC271ADC9B0057304E /* UserMenuUITests */ = {
			isa = PBXGroup;
			children = (
				B478C6BD271ADC9B0057304E /* UserMenuUITests.swift */,
				B478C6BF271ADC9B0057304E /* Info.plist */,
			);
			path = UserMenuUITests;
			sourceTree = "<group>";
		};
/* End PBXGroup section */

/* Begin PBXNativeTarget section */
		B478C69C271ADC940057304E /* UserMenu */ = {
			isa = PBXNativeTarget;
			buildConfigurationList = B478C6C2271ADC9B0057304E /* Build configuration list for PBXNativeTarget "UserMenu" */;
			buildPhases = (
				B478C699271ADC940057304E /* Sources */,
				B478C69A271ADC940057304E /* Frameworks */,
				B478C69B271ADC940057304E /* Resources */,
			);
			buildRules = (
			);
			dependencies = (
			);
			name = UserMenu;
			productName = UserMenu;
			productReference = B478C69D271ADC940057304E /* UserMenu.app */;
			productType = "com.apple.product-type.application";
		};
		B478C6AD271ADC9B0057304E /* UserMenuTests */ = {
			isa = PBXNativeTarget;
			buildConfigurationList = B478C6C5271ADC9B0057304E /* Build configuration list for PBXNativeTarget "UserMenuTests" */;
			buildPhases = (
				B478C6AA271ADC9B0057304E /* Sources */,
				B478C6AB271ADC9B0057304E /* Frameworks */,
				B478C6AC271ADC9B0057304E /* Resources */,
			);
			buildRules = (
			);
			dependencies = (
				B478C6B0271ADC9B0057304E /* PBXTargetDependency */,
			);
			name = UserMenuTests;
			productName = UserMenuTests;
			productReference = B478C6AE271ADC9B0057304E /* UserMenuTests.xctest */;
			productType = "com.apple.product-type.bundle.unit-test";
		};
		B478C6B8271ADC9B0057304E /* UserMenuUITests */ = {
			isa = PBXNativeTarget;
			buildConfigurationList = B478C6C8271ADC9B0057304E /* Build configuration list for PBXNativeTarget "UserMenuUITests" */;
			buildPhases = (
				B478C6B5271ADC9B0057304E /* Sources */,
				B478C6B6271ADC9B0057304E /* Frameworks */,
				B478C6B7271ADC9B0057304E /* Resources */,
			);
			buildRules = (
			);
			dependencies = (
				B478C6BB271ADC9B0057304E /* PBXTargetDependency */,
			);
			name = UserMenuUITests;
			productName = UserMenuUITests;
			productReference = B478C6B9271ADC9B0057304E /* UserMenuUITests.xctest */;
			productType = "com.apple.product-type.bundle.ui-testing";
		};
/* End PBXNativeTarget section */

/* Begin PBXProject section */
		B478C695271ADC940057304E /* Project object */ = {
			isa = PBXProject;
			attributes = {
				LastSwiftUpdateCheck = 1250;
				LastUpgradeCheck = 1250;
				TargetAttributes = {
					B478C69C271ADC940057304E = {
						CreatedOnToolsVersion = 12.5.1;
					};
					B478C6AD271ADC9B0057304E = {
						CreatedOnToolsVersion = 12.5.1;
						TestTargetID = B478C69C271ADC940057304E;
					};
					B478C6B8271ADC9B0057304E = {
						CreatedOnToolsVersion = 12.5.1;
						TestTargetID = B478C69C271ADC940057304E;
					};
				};
			};
			buildConfigurationList = B478C698271ADC940057304E /* Build configuration list for PBXProject "UserMenu" */;
			compatibilityVersion = "Xcode 9.3";
			developmentRegion = en;
			hasScannedForEncodings = 0;
			knownRegions = (
				en,
				Base,
			);
			mainGroup = B478C694271ADC940057304E;
			productRefGroup = B478C69E271ADC940057304E /* Products */;
			projectDirPath = "";
			projectRoot = "";
			targets = (
				B478C69C271ADC940057304E /* UserMenu */,
				B478C6AD271ADC9B0057304E /* UserMenuTests */,
				B478C6B8271ADC9B0057304E /* UserMenuUITests */,
			);
		};
/* End PBXProject section */

/* Begin PBXResourcesBuildPhase section */
		B478C69B271ADC940057304E /* Resources */ = {
			isa = PBXResourcesBuildPhase;
			buildActionMask = 2147483647;
			files = (
				B478C6A8271ADC9A0057304E /* Preview Assets.xcassets in Resources */,
				B478C6A5271ADC9A0057304E /* Assets.xcassets in Resources */,
			);
			runOnlyForDeploymentPostprocessing = 0;
		};
		B478C6AC271ADC9B0057304E /* Resources */ = {
			isa = PBXResourcesBuildPhase;
			buildActionMask = 2147483647;
			files = (
			);
			runOnlyForDeploymentPostprocessing = 0;
		};
		B478C6B7271ADC9B0057304E /* Resources */ = {
			isa = PBXResourcesBuildPhase;
			buildActionMask = 2147483647;
			files = (
			);
			runOnlyForDeploymentPostprocessing = 0;
		};
/* End PBXResourcesBuildPhase section */

/* Begin PBXSourcesBuildPhase section */
		B478C699271ADC940057304E /* Sources */ = {
			isa = PBXSourcesBuildPhase;
			buildActionMask = 2147483647;
			files = (
				B442D98C271E28AD00F5AC9D /* NavigationLinkViews.swift in Sources */,
				B478C6A3271ADC950057304E /* ContentView.swift in Sources */,
				B442D98A271DF7EC00F5AC9D /* CatalogeBase.swift in Sources */,
				B478C6A1271ADC950057304E /* UserMenuApp.swift in Sources */,
			);
			runOnlyForDeploymentPostprocessing = 0;
		};
		B478C6AA271ADC9B0057304E /* Sources */ = {
			isa = PBXSourcesBuildPhase;
			buildActionMask = 2147483647;
			files = (
				B478C6B3271ADC9B0057304E /* UserMenuTests.swift in Sources */,
			);
			runOnlyForDeploymentPostprocessing = 0;
		};
		B478C6B5271ADC9B0057304E /* Sources */ = {
			isa = PBXSourcesBuildPhase;
			buildActionMask = 2147483647;
			files = (
				B478C6BE271ADC9B0057304E /* UserMenuUITests.swift in Sources */,
			);
			runOnlyForDeploymentPostprocessing = 0;
		};
/* End PBXSourcesBuildPhase section */

/* Begin PBXTargetDependency section */
		B478C6B0271ADC9B0057304E /* PBXTargetDependency */ = {
			isa = PBXTargetDependency;
			target = B478C69C271ADC940057304E /* UserMenu */;
			targetProxy = B478C6AF271ADC9B0057304E /* PBXContainerItemProxy */;
		};
		B478C6BB271ADC9B0057304E /* PBXTargetDependency */ = {
			isa = PBXTargetDependency;
			target = B478C69C271ADC940057304E /* UserMenu */;
			targetProxy = B478C6BA271ADC9B0057304E /* PBXContainerItemProxy */;
		};
/* End PBXTargetDependency section */

/* Begin XCBuildConfiguration section */
		B478C6C0271ADC9B0057304E /* Debug */ = {
			isa = XCBuildConfiguration;
			buildSettings = {
				ALWAYS_SEARCH_USER_PATHS = NO;
				CLANG_ANALYZER_NONNULL = YES;
				CLANG_ANALYZER_NUMBER_OBJECT_CONVERSION = YES_AGGRESSIVE;
				CLANG_CXX_LANGUAGE_STANDARD = "gnu++14";
				CLANG_CXX_LIBRARY = "libc++";
				CLANG_ENABLE_MODULES = YES;
				CLANG_ENABLE_OBJC_ARC = YES;
				CLANG_ENABLE_OBJC_WEAK = YES;
				CLANG_WARN_BLOCK_CAPTURE_AUTORELEASING = YES;
				CLANG_WARN_BOOL_CONVERSION = YES;
				CLANG_WARN_COMMA = YES;
				CLANG_WARN_CONSTANT_CONVERSION = YES;
				CLANG_WARN_DEPRECATED_OBJC_IMPLEMENTATIONS = YES;
				CLANG_WARN_DIRECT_OBJC_ISA_USAGE = YES_ERROR;
				CLANG_WARN_DOCUMENTATION_COMMENTS = YES;
				CLANG_WARN_EMPTY_BODY = YES;
				CLANG_WARN_ENUM_CONVERSION = YES;
				CLANG_WARN_INFINITE_RECURSION = YES;
				CLANG_WARN_INT_CONVERSION = YES;
				CLANG_WARN_NON_LITERAL_NULL_CONVERSION = YES;
				CLANG_WARN_OBJC_IMPLICIT_RETAIN_SELF = YES;
				CLANG_WARN_OBJC_LITERAL_CONVERSION = YES;
				CLANG_WARN_OBJC_ROOT_CLASS = YES_ERROR;
				CLANG_WARN_QUOTED_INCLUDE_IN_FRAMEWORK_HEADER = YES;
				CLANG_WARN_RANGE_LOOP_ANALYSIS = YES;
				CLANG_WARN_STRICT_PROTOTYPES = YES;
				CLANG_WARN_SUSPICIOUS_MOVE = YES;
				CLANG_WARN_UNGUARDED_AVAILABILITY = YES_AGGRESSIVE;
				CLANG_WARN_UNREACHABLE_CODE = YES;
				CLANG_WARN__DUPLICATE_METHOD_MATCH = YES;
				COPY_PHASE_STRIP = NO;
				DEBUG_INFORMATION_FORMAT = dwarf;
				ENABLE_STRICT_OBJC_MSGSEND = YES;
				ENABLE_TESTABILITY = YES;
				GCC_C_LANGUAGE_STANDARD = gnu11;
				GCC_DYNAMIC_NO_PIC = NO;
				GCC_NO_COMMON_BLOCKS = YES;
				GCC_OPTIMIZATION_LEVEL = 0;
				GCC_PREPROCESSOR_DEFINITIONS = (
					"DEBUG=1",
					"$(inherited)",
				);
				GCC_WARN_64_TO_32_BIT_CONVERSION = YES;
				GCC_WARN_ABOUT_RETURN_TYPE = YES_ERROR;
				GCC_WARN_UNDECLARED_SELECTOR = YES;
				GCC_WARN_UNINITIALIZED_AUTOS = YES_AGGRESSIVE;
				GCC_WARN_UNUSED_FUNCTION = YES;
				GCC_WARN_UNUSED_VARIABLE = YES;
				IPHONEOS_DEPLOYMENT_TARGET = 14.5;
				MTL_ENABLE_DEBUG_INFO = INCLUDE_SOURCE;
				MTL_FAST_MATH = YES;
				ONLY_ACTIVE_ARCH = YES;
				SDKROOT = iphoneos;
				SWIFT_ACTIVE_COMPILATION_CONDITIONS = DEBUG;
				SWIFT_OPTIMIZATION_LEVEL = "-Onone";
			};
			name = Debug;
		};
		B478C6C1271ADC9B0057304E /* Release */ = {
			isa = XCBuildConfiguration;
			buildSettings = {
				ALWAYS_SEARCH_USER_PATHS = NO;
				CLANG_ANALYZER_NONNULL = YES;
				CLANG_ANALYZER_NUMBER_OBJECT_CONVERSION = YES_AGGRESSIVE;
				CLANG_CXX_LANGUAGE_STANDARD = "gnu++14";
				CLANG_CXX_LIBRARY = "libc++";
				CLANG_ENABLE_MODULES = YES;
				CLANG_ENABLE_OBJC_ARC = YES;
				CLANG_ENABLE_OBJC_WEAK = YES;
				CLANG_WARN_BLOCK_CAPTURE_AUTORELEASING = YES;
				CLANG_WARN_BOOL_CONVERSION = YES;
				CLANG_WARN_COMMA = YES;
				CLANG_WARN_CONSTANT_CONVERSION = YES;
				CLANG_WARN_DEPRECATED_OBJC_IMPLEMENTATIONS = YES;
				CLANG_WARN_DIRECT_OBJC_ISA_USAGE = YES_ERROR;
				CLANG_WARN_DOCUMENTATION_COMMENTS = YES;
				CLANG_WARN_EMPTY_BODY = YES;
				CLANG_WARN_ENUM_CONVERSION = YES;
				CLANG_WARN_INFINITE_RECURSION = YES;
				CLANG_WARN_INT_CONVERSION = YES;
				CLANG_WARN_NON_LITERAL_NULL_CONVERSION = YES;
				CLANG_WARN_OBJC_IMPLICIT_RETAIN_SELF = YES;
				CLANG_WARN_OBJC_LITERAL_CONVERSION = YES;
				CLANG_WARN_OBJC_ROOT_CLASS = YES_ERROR;
				CLANG_WARN_QUOTED_INCLUDE_IN_FRAMEWORK_HEADER = YES;
				CLANG_WARN_RANGE_LOOP_ANALYSIS = YES;
				CLANG_WARN_STRICT_PROTOTYPES = YES;
				CLANG_WARN_SUSPICIOUS_MOVE = YES;
				CLANG_WARN_UNGUARDED_AVAILABILITY = YES_AGGRESSIVE;
				CLANG_WARN_UNREACHABLE_CODE = YES;
				CLANG_WARN__DUPLICATE_METHOD_MATCH = YES;
				COPY_PHASE_STRIP = NO;
				DEBUG_INFORMATION_FORMAT = "dwarf-with-dsym";
				ENABLE_NS_ASSERTIONS = NO;
				ENABLE_STRICT_OBJC_MSGSEND = YES;
				GCC_C_LANGUAGE_STANDARD = gnu11;
				GCC_NO_COMMON_BLOCKS = YES;
				GCC_WARN_64_TO_32_BIT_CONVERSION = YES;
				GCC_WARN_ABOUT_RETURN_TYPE = YES_ERROR;
				GCC_WARN_UNDECLARED_SELECTOR = YES;
				GCC_WARN_UNINITIALIZED_AUTOS = YES_AGGRESSIVE;
				GCC_WARN_UNUSED_FUNCTION = YES;
				GCC_WARN_UNUSED_VARIABLE = YES;
				IPHONEOS_DEPLOYMENT_TARGET = 14.5;
				MTL_ENABLE_DEBUG_INFO = NO;
				MTL_FAST_MATH = YES;
				SDKROOT = iphoneos;
				SWIFT_COMPILATION_MODE = wholemodule;
				SWIFT_OPTIMIZATION_LEVEL = "-O";
				VALIDATE_PRODUCT = YES;
			};
			name = Release;
		};
		B478C6C3271ADC9B0057304E /* Debug */ = {
			isa = XCBuildConfiguration;
			buildSettings = {
				ASSETCATALOG_COMPILER_APPICON_NAME = AppIcon;
				ASSETCATALOG_COMPILER_GLOBAL_ACCENT_COLOR_NAME = AccentColor;
				CODE_SIGN_STYLE = Automatic;
				DEVELOPMENT_ASSET_PATHS = "\"UserMenu/Preview Content\"";
				ENABLE_PREVIEWS = YES;
				INFOPLIST_FILE = UserMenu/Info.plist;
				IPHONEOS_DEPLOYMENT_TARGET = 14.0;
				LD_RUNPATH_SEARCH_PATHS = (
					"$(inherited)",
					"@executable_path/Frameworks",
				);
				PRODUCT_BUNDLE_IDENTIFIER = egorMolchanov.UserMenu;
				PRODUCT_NAME = "$(TARGET_NAME)";
				SWIFT_VERSION = 5.0;
				TARGETED_DEVICE_FAMILY = "1,2";
			};
			name = Debug;
		};
		B478C6C4271ADC9B0057304E /* Release */ = {
			isa = XCBuildConfiguration;
			buildSettings = {
				ASSETCATALOG_COMPILER_APPICON_NAME = AppIcon;
				ASSETCATALOG_COMPILER_GLOBAL_ACCENT_COLOR_NAME = AccentColor;
				CODE_SIGN_STYLE = Automatic;
				DEVELOPMENT_ASSET_PATHS = "\"UserMenu/Preview Content\"";
				ENABLE_PREVIEWS = YES;
				INFOPLIST_FILE = UserMenu/Info.plist;
				IPHONEOS_DEPLOYMENT_TARGET = 14.0;
				LD_RUNPATH_SEARCH_PATHS = (
					"$(inherited)",
					"@executable_path/Frameworks",
				);
				PRODUCT_BUNDLE_IDENTIFIER = egorMolchanov.UserMenu;
				PRODUCT_NAME = "$(TARGET_NAME)";
				SWIFT_VERSION = 5.0;
				TARGETED_DEVICE_FAMILY = "1,2";
			};
			name = Release;
		};
		B478C6C6271ADC9B0057304E /* Debug */ = {
			isa = XCBuildConfiguration;
			buildSettings = {
				ALWAYS_EMBED_SWIFT_STANDARD_LIBRARIES = YES;
				BUNDLE_LOADER = "$(TEST_HOST)";
				CODE_SIGN_STYLE = Automatic;
				INFOPLIST_FILE = UserMenuTests/Info.plist;
				IPHONEOS_DEPLOYMENT_TARGET = 14.0;
				LD_RUNPATH_SEARCH_PATHS = (
					"$(inherited)",
					"@executable_path/Frameworks",
					"@loader_path/Frameworks",
				);
				PRODUCT_BUNDLE_IDENTIFIER = egorMolchanov.UserMenuTests;
				PRODUCT_NAME = "$(TARGET_NAME)";
				SWIFT_VERSION = 5.0;
				TARGETED_DEVICE_FAMILY = "1,2";
				TEST_HOST = "$(BUILT_PRODUCTS_DIR)/UserMenu.app/UserMenu";
			};
			name = Debug;
		};
		B478C6C7271ADC9B0057304E /* Release */ = {
			isa = XCBuildConfiguration;
			buildSettings = {
				ALWAYS_EMBED_SWIFT_STANDARD_LIBRARIES = YES;
				BUNDLE_LOADER = "$(TEST_HOST)";
				CODE_SIGN_STYLE = Automatic;
				INFOPLIST_FILE = UserMenuTests/Info.plist;
				IPHONEOS_DEPLOYMENT_TARGET = 14.0;
				LD_RUNPATH_SEARCH_PATHS = (
					"$(inherited)",
					"@executable_path/Frameworks",
					"@loader_path/Frameworks",
				);
				PRODUCT_BUNDLE_IDENTIFIER = egorMolchanov.UserMenuTests;
				PRODUCT_NAME = "$(TARGET_NAME)";
				SWIFT_VERSION = 5.0;
				TARGETED_DEVICE_FAMILY = "1,2";
				TEST_HOST = "$(BUILT_PRODUCTS_DIR)/UserMenu.app/UserMenu";
			};
			name = Release;
		};
		B478C6C9271ADC9B0057304E /* Debug */ = {
			isa = XCBuildConfiguration;
			buildSettings = {
				ALWAYS_EMBED_SWIFT_STANDARD_LIBRARIES = YES;
				CODE_SIGN_STYLE = Automatic;
				INFOPLIST_FILE = UserMenuUITests/Info.plist;
				LD_RUNPATH_SEARCH_PATHS = (
					"$(inherited)",
					"@executable_path/Frameworks",
					"@loader_path/Frameworks",
				);
				PRODUCT_BUNDLE_IDENTIFIER = egorMolchanov.UserMenuUITests;
				PRODUCT_NAME = "$(TARGET_NAME)";
				SWIFT_VERSION = 5.0;
				TARGETED_DEVICE_FAMILY = "1,2";
				TEST_TARGET_NAME = UserMenu;
			};
			name = Debug;
		};
		B478C6CA271ADC9B0057304E /* Release */ = {
			isa = XCBuildConfiguration;
			buildSettings = {
				ALWAYS_EMBED_SWIFT_STANDARD_LIBRARIES = YES;
				CODE_SIGN_STYLE = Automatic;
				INFOPLIST_FILE = UserMenuUITests/Info.plist;
				LD_RUNPATH_SEARCH_PATHS = (
					"$(inherited)",
					"@executable_path/Frameworks",
					"@loader_path/Frameworks",
				);
				PRODUCT_BUNDLE_IDENTIFIER = egorMolchanov.UserMenuUITests;
				PRODUCT_NAME = "$(TARGET_NAME)";
				SWIFT_VERSION = 5.0;
				TARGETED_DEVICE_FAMILY = "1,2";
				TEST_TARGET_NAME = UserMenu;
			};
			name = Release;
		};
/* End XCBuildConfiguration section */

/* Begin XCConfigurationList section */
		B478C698271ADC940057304E /* Build configuration list for PBXProject "UserMenu" */ = {
			isa = XCConfigurationList;
			buildConfigurations = (
				B478C6C0271ADC9B0057304E /* Debug */,
				B478C6C1271ADC9B0057304E /* Release */,
			);
			defaultConfigurationIsVisible = 0;
			defaultConfigurationName = Release;
		};
		B478C6C2271ADC9B0057304E /* Build configuration list for PBXNativeTarget "UserMenu" */ = {
			isa = XCConfigurationList;
			buildConfigurations = (
				B478C6C3271ADC9B0057304E /* Debug */,
				B478C6C4271ADC9B0057304E /* Release */,
			);
			defaultConfigurationIsVisible = 0;
			defaultConfigurationName = Release;
		};
		B478C6C5271ADC9B0057304E /* Build configuration list for PBXNativeTarget "UserMenuTests" */ = {
			isa = XCConfigurationList;
			buildConfigurations = (
				B478C6C6271ADC9B0057304E /* Debug */,
				B478C6C7271ADC9B0057304E /* Release */,
			);
			defaultConfigurationIsVisible = 0;
			defaultConfigurationName = Release;
		};
		B478C6C8271ADC9B0057304E /* Build configuration list for PBXNativeTarget "UserMenuUITests" */ = {
			isa = XCConfigurationList;
			buildConfigurations = (
				B478C6C9271ADC9B0057304E /* Debug */,
				B478C6CA271ADC9B0057304E /* Release */,
			);
			defaultConfigurationIsVisible = 0;
			defaultConfigurationName = Release;
		};
/* End XCConfigurationList section */
	};
	rootObject = B478C695271ADC940057304E /* Project object */;
}
